
Microsoft Visual Studio Solution File, Format Version 12.00
# Visual Studio Version 17
VisualStudioVersion = 17.7.34221.43
MinimumVisualStudioVersion = 10.0.40219.1
Project("{FAE04EC0-301F-11D3-BF4B-00C04F79EFBC}") = "SteamApiSchnitstelle", "SteamApiSchnitstelle.csproj", "{903FBD43-D331-41A2-BDD2-A876A000A1E0}"
EndProject
Global
	GlobalSection(SolutionConfigurationPlatforms) = preSolution
		Debug|Any CPU = Debug|Any CPU
		Release|Any CPU = Release|Any CPU
	EndGlobalSection
	GlobalSection(ProjectConfigurationPlatforms) = postSolution
		{903FBD43-D331-41A2-BDD2-A876A000A1E0}.Debug|Any CPU.ActiveCfg = Debug|Any CPU
		{903FBD43-D331-41A2-BDD2-A876A000A1E0}.Debug|Any CPU.Build.0 = Debug|Any CPU
		{903FBD43-D331-41A2-BDD2-A876A000A1E0}.Release|Any CPU.ActiveCfg = Release|Any CPU
		{903FBD43-D331-41A2-BDD2-A876A000A1E0}.Release|Any CPU.Build.0 = Release|Any CPU
	EndGlobalSection
	GlobalSection(SolutionProperties) = preSolution
		HideSolutionNode = FALSE
	EndGlobalSection
	GlobalSection(ExtensibilityGlobals) = postSolution
		SolutionGuid = {091578C3-AE30-4402-BAAC-367543AC764E}
	EndGlobalSection
EndGlobal
